
Microsoft Visual Studio Solution File, Format Version 12.00
# Visual Studio Version 17
VisualStudioVersion = 17.5.002.0
MinimumVisualStudioVersion = 10.0.40219.1
Project("{2150E333-8FDC-42A3-9474-1A3956D46DE8}") = "dotnet", "dotnet", "{19CA1E86-28A9-49A1-B38A-74EA766F0971}"
EndProject
Project("{9A19103F-16F7-4668-BE54-9A1E7A4F7556}") = "RedisWorkQueue", "dotnet\RedisWorkQueue\RedisWorkQueue.csproj", "{5F82B7DA-F50B-488F-A8E6-761F39317380}"
EndProject
Project("{2150E333-8FDC-42A3-9474-1A3956D46DE8}") = "tests", "tests", "{4F2C43E4-25F8-4D90-B174-DB26D68AF98A}"
EndProject
Project("{2150E333-8FDC-42A3-9474-1A3956D46DE8}") = "dotnet", "dotnet", "{8A866016-7E46-40AB-BB4F-06242C06E189}"
EndProject
Project("{9A19103F-16F7-4668-BE54-9A1E7A4F7556}") = "RedisWorkQueueTests", "tests\dotnet\RedisWorkQueueTests\RedisWorkQueueTests.csproj", "{566102CC-55A9-464E-864F-ED18C7B88FF3}"
EndProject
Global
	GlobalSection(SolutionConfigurationPlatforms) = preSolution
		Debug|Any CPU = Debug|Any CPU
		Release|Any CPU = Release|Any CPU
	EndGlobalSection
	GlobalSection(ProjectConfigurationPlatforms) = postSolution
		{5F82B7DA-F50B-488F-A8E6-761F39317380}.Debug|Any CPU.ActiveCfg = Debug|Any CPU
		{5F82B7DA-F50B-488F-A8E6-761F39317380}.Debug|Any CPU.Build.0 = Debug|Any CPU
		{5F82B7DA-F50B-488F-A8E6-761F39317380}.Release|Any CPU.ActiveCfg = Release|Any CPU
		{5F82B7DA-F50B-488F-A8E6-761F39317380}.Release|Any CPU.Build.0 = Release|Any CPU
		{566102CC-55A9-464E-864F-ED18C7B88FF3}.Debug|Any CPU.ActiveCfg = Debug|Any CPU
		{566102CC-55A9-464E-864F-ED18C7B88FF3}.Debug|Any CPU.Build.0 = Debug|Any CPU
		{566102CC-55A9-464E-864F-ED18C7B88FF3}.Release|Any CPU.ActiveCfg = Release|Any CPU
		{566102CC-55A9-464E-864F-ED18C7B88FF3}.Release|Any CPU.Build.0 = Release|Any CPU
	EndGlobalSection
	GlobalSection(SolutionProperties) = preSolution
		HideSolutionNode = FALSE
	EndGlobalSection
	GlobalSection(NestedProjects) = preSolution
		{5F82B7DA-F50B-488F-A8E6-761F39317380} = {19CA1E86-28A9-49A1-B38A-74EA766F0971}
		{8A866016-7E46-40AB-BB4F-06242C06E189} = {4F2C43E4-25F8-4D90-B174-DB26D68AF98A}
		{566102CC-55A9-464E-864F-ED18C7B88FF3} = {8A866016-7E46-40AB-BB4F-06242C06E189}
	EndGlobalSection
	GlobalSection(ExtensibilityGlobals) = postSolution
		SolutionGuid = {75CB47F1-43FC-4A90-BC7B-4A7F9A4C51E2}
	EndGlobalSection
EndGlobal
